
Microsoft Visual Studio Solution File, Format Version 12.00
# Visual Studio Version 17
VisualStudioVersion = 17.5.33424.131
MinimumVisualStudioVersion = 10.0.40219.1
Project("{FAE04EC0-301F-11D3-BF4B-00C04F79EFBC}") = "HOMEWORK#4_Task_1", "HOMEWORK#4_Task_1\HOMEWORK#4_Task_1.csproj", "{06CFF32C-C7F0-4E00-B102-9CEC42F711D6}"
EndProject
Project("{FAE04EC0-301F-11D3-BF4B-00C04F79EFBC}") = "HOMEWORK#4_Task_2", "HOMEWORK#4_Task_2\HOMEWORK#4_Task_2.csproj", "{2BC65907-DC6C-4821-A86F-E8DA3971B2ED}"
EndProject
Project("{FAE04EC0-301F-11D3-BF4B-00C04F79EFBC}") = "HOMEWORK#4_Task_3", "HOMEWORK#4_Task_3\HOMEWORK#4_Task_3.csproj", "{2D117678-E053-4A75-9224-7D1EB68B712C}"
EndProject
Project("{FAE04EC0-301F-11D3-BF4B-00C04F79EFBC}") = "HOMEWORK#4_Task_4_AgeCalculator", "HOMEWORK#4_Task_4_AgeCalculator\HOMEWORK#4_Task_4_AgeCalculator.csproj", "{490C3002-F4C8-467F-9140-4E60D5E794DB}"
EndProject
Global
	GlobalSection(SolutionConfigurationPlatforms) = preSolution
		Debug|Any CPU = Debug|Any CPU
		Release|Any CPU = Release|Any CPU
	EndGlobalSection
	GlobalSection(ProjectConfigurationPlatforms) = postSolution
		{06CFF32C-C7F0-4E00-B102-9CEC42F711D6}.Debug|Any CPU.ActiveCfg = Debug|Any CPU
		{06CFF32C-C7F0-4E00-B102-9CEC42F711D6}.Debug|Any CPU.Build.0 = Debug|Any CPU
		{06CFF32C-C7F0-4E00-B102-9CEC42F711D6}.Release|Any CPU.ActiveCfg = Release|Any CPU
		{06CFF32C-C7F0-4E00-B102-9CEC42F711D6}.Release|Any CPU.Build.0 = Release|Any CPU
		{2BC65907-DC6C-4821-A86F-E8DA3971B2ED}.Debug|Any CPU.ActiveCfg = Debug|Any CPU
		{2BC65907-DC6C-4821-A86F-E8DA3971B2ED}.Debug|Any CPU.Build.0 = Debug|Any CPU
		{2BC65907-DC6C-4821-A86F-E8DA3971B2ED}.Release|Any CPU.ActiveCfg = Release|Any CPU
		{2BC65907-DC6C-4821-A86F-E8DA3971B2ED}.Release|Any CPU.Build.0 = Release|Any CPU
		{2D117678-E053-4A75-9224-7D1EB68B712C}.Debug|Any CPU.ActiveCfg = Debug|Any CPU
		{2D117678-E053-4A75-9224-7D1EB68B712C}.Debug|Any CPU.Build.0 = Debug|Any CPU
		{2D117678-E053-4A75-9224-7D1EB68B712C}.Release|Any CPU.ActiveCfg = Release|Any CPU
		{2D117678-E053-4A75-9224-7D1EB68B712C}.Release|Any CPU.Build.0 = Release|Any CPU
		{490C3002-F4C8-467F-9140-4E60D5E794DB}.Debug|Any CPU.ActiveCfg = Debug|Any CPU
		{490C3002-F4C8-467F-9140-4E60D5E794DB}.Debug|Any CPU.Build.0 = Debug|Any CPU
		{490C3002-F4C8-467F-9140-4E60D5E794DB}.Release|Any CPU.ActiveCfg = Release|Any CPU
		{490C3002-F4C8-467F-9140-4E60D5E794DB}.Release|Any CPU.Build.0 = Release|Any CPU
	EndGlobalSection
	GlobalSection(SolutionProperties) = preSolution
		HideSolutionNode = FALSE
	EndGlobalSection
	GlobalSection(ExtensibilityGlobals) = postSolution
		SolutionGuid = {1075E1DA-5010-44C1-A7E8-ADED60B6F1B8}
	EndGlobalSection
EndGlobal
